
Microsoft Visual Studio Solution File, Format Version 12.00
# Visual Studio Version 17
VisualStudioVersion = 17.10.35013.160
MinimumVisualStudioVersion = 10.0.40219.1
Project("{9A19103F-16F7-4668-BE54-9A1E7A4F7556}") = "TalentEase.Api", "TalentEase\TalentEase.Api.csproj", "{CDFEFC6D-B31A-451B-B424-A41706FF29CE}"
EndProject
Project("{FAE04EC0-301F-11D3-BF4B-00C04F79EFBC}") = "TalentEase.Client", "TalentEase.Client\TalentEase.Client.csproj", "{FFE574B0-8996-4082-BAFF-8EC53F20978A}"
EndProject
Global
	GlobalSection(SolutionConfigurationPlatforms) = preSolution
		Debug|Any CPU = Debug|Any CPU
		Release|Any CPU = Release|Any CPU
	EndGlobalSection
	GlobalSection(ProjectConfigurationPlatforms) = postSolution
		{CDFEFC6D-B31A-451B-B424-A41706FF29CE}.Debug|Any CPU.ActiveCfg = Debug|Any CPU
		{CDFEFC6D-B31A-451B-B424-A41706FF29CE}.Debug|Any CPU.Build.0 = Debug|Any CPU
		{CDFEFC6D-B31A-451B-B424-A41706FF29CE}.Release|Any CPU.ActiveCfg = Release|Any CPU
		{CDFEFC6D-B31A-451B-B424-A41706FF29CE}.Release|Any CPU.Build.0 = Release|Any CPU
		{FFE574B0-8996-4082-BAFF-8EC53F20978A}.Debug|Any CPU.ActiveCfg = Debug|Any CPU
		{FFE574B0-8996-4082-BAFF-8EC53F20978A}.Debug|Any CPU.Build.0 = Debug|Any CPU
		{FFE574B0-8996-4082-BAFF-8EC53F20978A}.Release|Any CPU.ActiveCfg = Release|Any CPU
		{FFE574B0-8996-4082-BAFF-8EC53F20978A}.Release|Any CPU.Build.0 = Release|Any CPU
	EndGlobalSection
	GlobalSection(SolutionProperties) = preSolution
		HideSolutionNode = FALSE
	EndGlobalSection
	GlobalSection(ExtensibilityGlobals) = postSolution
		SolutionGuid = {DF3F7D54-8DCF-4B73-9D30-0A5078C71BC5}
	EndGlobalSection
EndGlobal
